// !$*UTF8*$!
{
	archiveVersion = 1;
	classes = {
	};
	objectVersion = 56;
	objects = {

/* Begin PBXBuildFile section */
		74D603122940BFF900643900 /* AppDelegate.swift in Sources */ = {isa = PBXBuildFile; fileRef = 74D603112940BFF900643900 /* AppDelegate.swift */; };
		74D603142940BFF900643900 /* SceneDelegate.swift in Sources */ = {isa = PBXBuildFile; fileRef = 74D603132940BFF900643900 /* SceneDelegate.swift */; };
		74D603162940BFF900643900 /* ViewController.swift in Sources */ = {isa = PBXBuildFile; fileRef = 74D603152940BFF900643900 /* ViewController.swift */; };
		74D6031B2940BFFA00643900 /* Assets.xcassets in Resources */ = {isa = PBXBuildFile; fileRef = 74D6031A2940BFFA00643900 /* Assets.xcassets */; };
		74D6031E2940BFFA00643900 /* LaunchScreen.storyboard in Resources */ = {isa = PBXBuildFile; fileRef = 74D6031C2940BFFA00643900 /* LaunchScreen.storyboard */; };
		74D603342940D96900643900 /* CityListViewController.swift in Sources */ = {isa = PBXBuildFile; fileRef = 74D603332940D96900643900 /* CityListViewController.swift */; };
		74D603382940DE5200643900 /* CityTableViewCell.swift in Sources */ = {isa = PBXBuildFile; fileRef = 74D603372940DE5200643900 /* CityTableViewCell.swift */; };
		74D603322940D4D200643900 /* Constants.swift in Sources */ = {isa = PBXBuildFile; fileRef = 74D603312940D4D200643900 /* Constants.swift */; };
/* End PBXBuildFile section */

/* Begin PBXFileReference section */
		74D6030E2940BFF900643900 /* WeatherDevTask.app */ = {isa = PBXFileReference; explicitFileType = wrapper.application; includeInIndex = 0; path = WeatherDevTask.app; sourceTree = BUILT_PRODUCTS_DIR; };
		74D603112940BFF900643900 /* AppDelegate.swift */ = {isa = PBXFileReference; lastKnownFileType = sourcecode.swift; path = AppDelegate.swift; sourceTree = "<group>"; };
		74D603132940BFF900643900 /* SceneDelegate.swift */ = {isa = PBXFileReference; lastKnownFileType = sourcecode.swift; path = SceneDelegate.swift; sourceTree = "<group>"; };
		74D603152940BFF900643900 /* ViewController.swift */ = {isa = PBXFileReference; lastKnownFileType = sourcecode.swift; path = ViewController.swift; sourceTree = "<group>"; };
		74D6031A2940BFFA00643900 /* Assets.xcassets */ = {isa = PBXFileReference; lastKnownFileType = folder.assetcatalog; path = Assets.xcassets; sourceTree = "<group>"; };
		74D6031D2940BFFA00643900 /* Base */ = {isa = PBXFileReference; lastKnownFileType = file.storyboard; name = Base; path = Base.lproj/LaunchScreen.storyboard; sourceTree = "<group>"; };
		74D6031F2940BFFA00643900 /* Info.plist */ = {isa = PBXFileReference; lastKnownFileType = text.plist.xml; path = Info.plist; sourceTree = "<group>"; };
		74D603332940D96900643900 /* CityListViewController.swift */ = {isa = PBXFileReference; lastKnownFileType = sourcecode.swift; path = CityListViewController.swift; sourceTree = "<group>"; };
		74D603372940DE5200643900 /* CityTableViewCell.swift */ = {isa = PBXFileReference; lastKnownFileType = sourcecode.swift; path = CityTableViewCell.swift; sourceTree = "<group>"; };
		74D603312940D4D200643900 /* Constants.swift */ = {isa = PBXFileReference; lastKnownFileType = sourcecode.swift; path = Constants.swift; sourceTree = "<group>"; };
/* End PBXFileReference section */

/* Begin PBXFrameworksBuildPhase section */
		74D6030B2940BFF900643900 /* Frameworks */ = {
			isa = PBXFrameworksBuildPhase;
			buildActionMask = 2147483647;
			files = (
			);
			runOnlyForDeploymentPostprocessing = 0;
		};
/* End PBXFrameworksBuildPhase section */

/* Begin PBXGroup section */
		74D603052940BFF900643900 = {
			isa = PBXGroup;
			children = (
				74D603102940BFF900643900 /* WeatherDevTask */,
				74D6030F2940BFF900643900 /* Products */,
			);
			sourceTree = "<group>";
		};
		74D6030F2940BFF900643900 /* Products */ = {
			isa = PBXGroup;
			children = (
				74D6030E2940BFF900643900 /* WeatherDevTask.app */,
			);
			name = Products;
			sourceTree = "<group>";
		};
		74D603102940BFF900643900 /* WeatherDevTask */ = {
			isa = PBXGroup;
			children = (
				74D603252940C4DB00643900 /* Application */,
				74D603272940C53500643900 /* CityListModule */,
				74D603282940C55700643900 /* DetailWeatherModule */,
				74D6032F2940C66700643900 /* Extensions */,
				74D603262940C4F600643900 /* Resources */,
			);
			path = WeatherDevTask;
			sourceTree = "<group>";
		};
		74D603252940C4DB00643900 /* Application */ = {
			isa = PBXGroup;
			children = (
				74D603112940BFF900643900 /* AppDelegate.swift */,
				74D603132940BFF900643900 /* SceneDelegate.swift */,
			);
			path = Application;
			sourceTree = "<group>";
		};
		74D603262940C4F600643900 /* Resources */ = {
			isa = PBXGroup;
			children = (
				74D603312940D4D200643900 /* Constants.swift */,
				74D6031A2940BFFA00643900 /* Assets.xcassets */,
				74D6031C2940BFFA00643900 /* LaunchScreen.storyboard */,
				74D6031F2940BFFA00643900 /* Info.plist */,
			);
			path = Resources;
			sourceTree = "<group>";
		};
		74D603272940C53500643900 /* CityListModule */ = {
			isa = PBXGroup;
			children = (
				74D603292940C60E00643900 /* Model */,
				74D6032A2940C61500643900 /* View */,
				74D6032B2940C61900643900 /* Presenter */,
			);
			path = CityListModule;
			sourceTree = "<group>";
		};
		74D603282940C55700643900 /* DetailWeatherModule */ = {
			isa = PBXGroup;
			children = (
				74D6032C2940C64200643900 /* Model */,
				74D6032D2940C64600643900 /* View */,
				74D6032E2940C64C00643900 /* Presenter */,
			);
			path = DetailWeatherModule;
			sourceTree = "<group>";
		};
		74D603292940C60E00643900 /* Model */ = {
			isa = PBXGroup;
			children = (
			);
			path = Model;
			sourceTree = "<group>";
		};
		74D6032A2940C61500643900 /* View */ = {
			isa = PBXGroup;
			children = (
				74D603352940DE2F00643900 /* Cells */,
				74D603152940BFF900643900 /* ViewController.swift */,
				74D603332940D96900643900 /* CityListViewController.swift */,
			);
			path = View;
			sourceTree = "<group>";
		};
		74D6032B2940C61900643900 /* Presenter */ = {
			isa = PBXGroup;
			children = (
			);
			path = Presenter;
			sourceTree = "<group>";
		};
		74D6032C2940C64200643900 /* Model */ = {
			isa = PBXGroup;
			children = (
			);
			path = Model;
			sourceTree = "<group>";
		};
		74D6032D2940C64600643900 /* View */ = {
			isa = PBXGroup;
			children = (
			);
			path = View;
			sourceTree = "<group>";
		};
		74D6032E2940C64C00643900 /* Presenter */ = {
			isa = PBXGroup;
			children = (
			);
			path = Presenter;
			sourceTree = "<group>";
		};
		74D6032F2940C66700643900 /* Extensions */ = {
			isa = PBXGroup;
			children = (
			);
			path = Extensions;
			sourceTree = "<group>";
		};
		74D603352940DE2F00643900 /* Cells */ = {
			isa = PBXGroup;
			children = (
				74D603372940DE5200643900 /* CityTableViewCell.swift */,
			);
			path = Cells;
			sourceTree = "<group>";
		};
/* End PBXGroup section */

/* Begin PBXNativeTarget section */
		74D6030D2940BFF900643900 /* WeatherDevTask */ = {
			isa = PBXNativeTarget;
			buildConfigurationList = 74D603222940BFFA00643900 /* Build configuration list for PBXNativeTarget "WeatherDevTask" */;
			buildPhases = (
				74D6030A2940BFF900643900 /* Sources */,
				74D6030B2940BFF900643900 /* Frameworks */,
				74D6030C2940BFF900643900 /* Resources */,
			);
			buildRules = (
			);
			dependencies = (
			);
			name = WeatherDevTask;
			productName = WeatherDevTask;
			productReference = 74D6030E2940BFF900643900 /* WeatherDevTask.app */;
			productType = "com.apple.product-type.application";
		};
/* End PBXNativeTarget section */

/* Begin PBXProject section */
		74D603062940BFF900643900 /* Project object */ = {
			isa = PBXProject;
			attributes = {
				BuildIndependentTargetsInParallel = 1;
				LastSwiftUpdateCheck = 1410;
				LastUpgradeCheck = 1410;
				TargetAttributes = {
					74D6030D2940BFF900643900 = {
						CreatedOnToolsVersion = 14.1;
					};
				};
			};
			buildConfigurationList = 74D603092940BFF900643900 /* Build configuration list for PBXProject "WeatherDevTask" */;
			compatibilityVersion = "Xcode 14.0";
			developmentRegion = en;
			hasScannedForEncodings = 0;
			knownRegions = (
				en,
				Base,
			);
			mainGroup = 74D603052940BFF900643900;
			productRefGroup = 74D6030F2940BFF900643900 /* Products */;
			projectDirPath = "";
			projectRoot = "";
			targets = (
				74D6030D2940BFF900643900 /* WeatherDevTask */,
			);
		};
/* End PBXProject section */

/* Begin PBXResourcesBuildPhase section */
		74D6030C2940BFF900643900 /* Resources */ = {
			isa = PBXResourcesBuildPhase;
			buildActionMask = 2147483647;
			files = (
				74D6031E2940BFFA00643900 /* LaunchScreen.storyboard in Resources */,
				74D6031B2940BFFA00643900 /* Assets.xcassets in Resources */,
			);
			runOnlyForDeploymentPostprocessing = 0;
		};
/* End PBXResourcesBuildPhase section */

/* Begin PBXSourcesBuildPhase section */
		74D6030A2940BFF900643900 /* Sources */ = {
			isa = PBXSourcesBuildPhase;
			buildActionMask = 2147483647;
			files = (
				74D603162940BFF900643900 /* ViewController.swift in Sources */,
				74D603122940BFF900643900 /* AppDelegate.swift in Sources */,
				74D603382940DE5200643900 /* CityTableViewCell.swift in Sources */,
				74D603142940BFF900643900 /* SceneDelegate.swift in Sources */,
				74D603342940D96900643900 /* CityListViewController.swift in Sources */,
				74D603322940D4D200643900 /* Constants.swift in Sources */,
			);
			runOnlyForDeploymentPostprocessing = 0;
		};
/* End PBXSourcesBuildPhase section */

/* Begin PBXVariantGroup section */
		74D6031C2940BFFA00643900 /* LaunchScreen.storyboard */ = {
			isa = PBXVariantGroup;
			children = (
				74D6031D2940BFFA00643900 /* Base */,
			);
			name = LaunchScreen.storyboard;
			sourceTree = "<group>";
		};
/* End PBXVariantGroup section */

/* Begin XCBuildConfiguration section */
		74D603202940BFFA00643900 /* Debug */ = {
			isa = XCBuildConfiguration;
			buildSettings = {
				ALWAYS_SEARCH_USER_PATHS = NO;
				CLANG_ANALYZER_NONNULL = YES;
				CLANG_ANALYZER_NUMBER_OBJECT_CONVERSION = YES_AGGRESSIVE;
				CLANG_CXX_LANGUAGE_STANDARD = "gnu++20";
				CLANG_ENABLE_MODULES = YES;
				CLANG_ENABLE_OBJC_ARC = YES;
				CLANG_ENABLE_OBJC_WEAK = YES;
				CLANG_WARN_BLOCK_CAPTURE_AUTORELEASING = YES;
				CLANG_WARN_BOOL_CONVERSION = YES;
				CLANG_WARN_COMMA = YES;
				CLANG_WARN_CONSTANT_CONVERSION = YES;
				CLANG_WARN_DEPRECATED_OBJC_IMPLEMENTATIONS = YES;
				CLANG_WARN_DIRECT_OBJC_ISA_USAGE = YES_ERROR;
				CLANG_WARN_DOCUMENTATION_COMMENTS = YES;
				CLANG_WARN_EMPTY_BODY = YES;
				CLANG_WARN_ENUM_CONVERSION = YES;
				CLANG_WARN_INFINITE_RECURSION = YES;
				CLANG_WARN_INT_CONVERSION = YES;
				CLANG_WARN_NON_LITERAL_NULL_CONVERSION = YES;
				CLANG_WARN_OBJC_IMPLICIT_RETAIN_SELF = YES;
				CLANG_WARN_OBJC_LITERAL_CONVERSION = YES;
				CLANG_WARN_OBJC_ROOT_CLASS = YES_ERROR;
				CLANG_WARN_QUOTED_INCLUDE_IN_FRAMEWORK_HEADER = YES;
				CLANG_WARN_RANGE_LOOP_ANALYSIS = YES;
				CLANG_WARN_STRICT_PROTOTYPES = YES;
				CLANG_WARN_SUSPICIOUS_MOVE = YES;
				CLANG_WARN_UNGUARDED_AVAILABILITY = YES_AGGRESSIVE;
				CLANG_WARN_UNREACHABLE_CODE = YES;
				CLANG_WARN__DUPLICATE_METHOD_MATCH = YES;
				COPY_PHASE_STRIP = NO;
				DEBUG_INFORMATION_FORMAT = dwarf;
				ENABLE_STRICT_OBJC_MSGSEND = YES;
				ENABLE_TESTABILITY = YES;
				GCC_C_LANGUAGE_STANDARD = gnu11;
				GCC_DYNAMIC_NO_PIC = NO;
				GCC_NO_COMMON_BLOCKS = YES;
				GCC_OPTIMIZATION_LEVEL = 0;
				GCC_PREPROCESSOR_DEFINITIONS = (
					"DEBUG=1",
					"$(inherited)",
				);
				GCC_WARN_64_TO_32_BIT_CONVERSION = YES;
				GCC_WARN_ABOUT_RETURN_TYPE = YES_ERROR;
				GCC_WARN_UNDECLARED_SELECTOR = YES;
				GCC_WARN_UNINITIALIZED_AUTOS = YES_AGGRESSIVE;
				GCC_WARN_UNUSED_FUNCTION = YES;
				GCC_WARN_UNUSED_VARIABLE = YES;
				IPHONEOS_DEPLOYMENT_TARGET = 16.1;
				MTL_ENABLE_DEBUG_INFO = INCLUDE_SOURCE;
				MTL_FAST_MATH = YES;
				ONLY_ACTIVE_ARCH = YES;
				SDKROOT = iphoneos;
				SWIFT_ACTIVE_COMPILATION_CONDITIONS = DEBUG;
				SWIFT_OPTIMIZATION_LEVEL = "-Onone";
			};
			name = Debug;
		};
		74D603212940BFFA00643900 /* Release */ = {
			isa = XCBuildConfiguration;
			buildSettings = {
				ALWAYS_SEARCH_USER_PATHS = NO;
				CLANG_ANALYZER_NONNULL = YES;
				CLANG_ANALYZER_NUMBER_OBJECT_CONVERSION = YES_AGGRESSIVE;
				CLANG_CXX_LANGUAGE_STANDARD = "gnu++20";
				CLANG_ENABLE_MODULES = YES;
				CLANG_ENABLE_OBJC_ARC = YES;
				CLANG_ENABLE_OBJC_WEAK = YES;
				CLANG_WARN_BLOCK_CAPTURE_AUTORELEASING = YES;
				CLANG_WARN_BOOL_CONVERSION = YES;
				CLANG_WARN_COMMA = YES;
				CLANG_WARN_CONSTANT_CONVERSION = YES;
				CLANG_WARN_DEPRECATED_OBJC_IMPLEMENTATIONS = YES;
				CLANG_WARN_DIRECT_OBJC_ISA_USAGE = YES_ERROR;
				CLANG_WARN_DOCUMENTATION_COMMENTS = YES;
				CLANG_WARN_EMPTY_BODY = YES;
				CLANG_WARN_ENUM_CONVERSION = YES;
				CLANG_WARN_INFINITE_RECURSION = YES;
				CLANG_WARN_INT_CONVERSION = YES;
				CLANG_WARN_NON_LITERAL_NULL_CONVERSION = YES;
				CLANG_WARN_OBJC_IMPLICIT_RETAIN_SELF = YES;
				CLANG_WARN_OBJC_LITERAL_CONVERSION = YES;
				CLANG_WARN_OBJC_ROOT_CLASS = YES_ERROR;
				CLANG_WARN_QUOTED_INCLUDE_IN_FRAMEWORK_HEADER = YES;
				CLANG_WARN_RANGE_LOOP_ANALYSIS = YES;
				CLANG_WARN_STRICT_PROTOTYPES = YES;
				CLANG_WARN_SUSPICIOUS_MOVE = YES;
				CLANG_WARN_UNGUARDED_AVAILABILITY = YES_AGGRESSIVE;
				CLANG_WARN_UNREACHABLE_CODE = YES;
				CLANG_WARN__DUPLICATE_METHOD_MATCH = YES;
				COPY_PHASE_STRIP = NO;
				DEBUG_INFORMATION_FORMAT = "dwarf-with-dsym";
				ENABLE_NS_ASSERTIONS = NO;
				ENABLE_STRICT_OBJC_MSGSEND = YES;
				GCC_C_LANGUAGE_STANDARD = gnu11;
				GCC_NO_COMMON_BLOCKS = YES;
				GCC_WARN_64_TO_32_BIT_CONVERSION = YES;
				GCC_WARN_ABOUT_RETURN_TYPE = YES_ERROR;
				GCC_WARN_UNDECLARED_SELECTOR = YES;
				GCC_WARN_UNINITIALIZED_AUTOS = YES_AGGRESSIVE;
				GCC_WARN_UNUSED_FUNCTION = YES;
				GCC_WARN_UNUSED_VARIABLE = YES;
				IPHONEOS_DEPLOYMENT_TARGET = 16.1;
				MTL_ENABLE_DEBUG_INFO = NO;
				MTL_FAST_MATH = YES;
				SDKROOT = iphoneos;
				SWIFT_COMPILATION_MODE = wholemodule;
				SWIFT_OPTIMIZATION_LEVEL = "-O";
				VALIDATE_PRODUCT = YES;
			};
			name = Release;
		};
		74D603232940BFFA00643900 /* Debug */ = {
			isa = XCBuildConfiguration;
			buildSettings = {
				ASSETCATALOG_COMPILER_APPICON_NAME = AppIcon;
				ASSETCATALOG_COMPILER_GLOBAL_ACCENT_COLOR_NAME = AccentColor;
				CODE_SIGN_STYLE = Automatic;
				CURRENT_PROJECT_VERSION = 1;
				DEVELOPMENT_TEAM = GRJL322676;
				GENERATE_INFOPLIST_FILE = YES;
				INFOPLIST_FILE = WeatherDevTask/Resources/Info.plist;
				INFOPLIST_KEY_UIApplicationSupportsIndirectInputEvents = YES;
				INFOPLIST_KEY_UILaunchStoryboardName = LaunchScreen;
				INFOPLIST_KEY_UIMainStoryboardFile = "";
				INFOPLIST_KEY_UISupportedInterfaceOrientations = UIInterfaceOrientationPortrait;
				IPHONEOS_DEPLOYMENT_TARGET = 13.0;
				LD_RUNPATH_SEARCH_PATHS = (
					"$(inherited)",
					"@executable_path/Frameworks",
				);
				MARKETING_VERSION = 1.0;
				PRODUCT_BUNDLE_IDENTIFIER = MikhailKosarev.WeatherDevTask;
				PRODUCT_NAME = "$(TARGET_NAME)";
				SUPPORTED_PLATFORMS = "iphoneos iphonesimulator";
				SUPPORTS_MACCATALYST = NO;
				SUPPORTS_MAC_DESIGNED_FOR_IPHONE_IPAD = NO;
				SWIFT_EMIT_LOC_STRINGS = YES;
				SWIFT_VERSION = 5.0;
				TARGETED_DEVICE_FAMILY = 1;
			};
			name = Debug;
		};
		74D603242940BFFA00643900 /* Release */ = {
			isa = XCBuildConfiguration;
			buildSettings = {
				ASSETCATALOG_COMPILER_APPICON_NAME = AppIcon;
				ASSETCATALOG_COMPILER_GLOBAL_ACCENT_COLOR_NAME = AccentColor;
				CODE_SIGN_STYLE = Automatic;
				CURRENT_PROJECT_VERSION = 1;
				DEVELOPMENT_TEAM = GRJL322676;
				GENERATE_INFOPLIST_FILE = YES;
				INFOPLIST_FILE = WeatherDevTask/Resources/Info.plist;
				INFOPLIST_KEY_UIApplicationSupportsIndirectInputEvents = YES;
				INFOPLIST_KEY_UILaunchStoryboardName = LaunchScreen;
				INFOPLIST_KEY_UIMainStoryboardFile = "";
				INFOPLIST_KEY_UISupportedInterfaceOrientations = UIInterfaceOrientationPortrait;
				IPHONEOS_DEPLOYMENT_TARGET = 13.0;
				LD_RUNPATH_SEARCH_PATHS = (
					"$(inherited)",
					"@executable_path/Frameworks",
				);
				MARKETING_VERSION = 1.0;
				PRODUCT_BUNDLE_IDENTIFIER = MikhailKosarev.WeatherDevTask;
				PRODUCT_NAME = "$(TARGET_NAME)";
				SUPPORTED_PLATFORMS = "iphoneos iphonesimulator";
				SUPPORTS_MACCATALYST = NO;
				SUPPORTS_MAC_DESIGNED_FOR_IPHONE_IPAD = NO;
				SWIFT_EMIT_LOC_STRINGS = YES;
				SWIFT_VERSION = 5.0;
				TARGETED_DEVICE_FAMILY = 1;
			};
			name = Release;
		};
/* End XCBuildConfiguration section */

/* Begin XCConfigurationList section */
		74D603092940BFF900643900 /* Build configuration list for PBXProject "WeatherDevTask" */ = {
			isa = XCConfigurationList;
			buildConfigurations = (
				74D603202940BFFA00643900 /* Debug */,
				74D603212940BFFA00643900 /* Release */,
			);
			defaultConfigurationIsVisible = 0;
			defaultConfigurationName = Release;
		};
		74D603222940BFFA00643900 /* Build configuration list for PBXNativeTarget "WeatherDevTask" */ = {
			isa = XCConfigurationList;
			buildConfigurations = (
				74D603232940BFFA00643900 /* Debug */,
				74D603242940BFFA00643900 /* Release */,
			);
			defaultConfigurationIsVisible = 0;
			defaultConfigurationName = Release;
		};
/* End XCConfigurationList section */
	};
	rootObject = 74D603062940BFF900643900 /* Project object */;
}
